
Microsoft Visual Studio Solution File, Format Version 12.00
# Visual Studio Version 16
VisualStudioVersion = 16.0.30804.86
MinimumVisualStudioVersion = 10.0.40219.1
Project("{FAE04EC0-301F-11D3-BF4B-00C04F79EFBC}") = "PatternGenerator", "PatternGenerator\PatternGenerator.csproj", "{FFB45CCC-83EE-4E29-8800-62240B59EBD3}"
EndProject
Global
	GlobalSection(SolutionConfigurationPlatforms) = preSolution
		Debug|Any CPU = Debug|Any CPU
		Release|Any CPU = Release|Any CPU
	EndGlobalSection
	GlobalSection(ProjectConfigurationPlatforms) = postSolution
		{FFB45CCC-83EE-4E29-8800-62240B59EBD3}.Debug|Any CPU.ActiveCfg = Debug|Any CPU
		{FFB45CCC-83EE-4E29-8800-62240B59EBD3}.Debug|Any CPU.Build.0 = Debug|Any CPU
		{FFB45CCC-83EE-4E29-8800-62240B59EBD3}.Release|Any CPU.ActiveCfg = Release|Any CPU
		{FFB45CCC-83EE-4E29-8800-62240B59EBD3}.Release|Any CPU.Build.0 = Release|Any CPU
	EndGlobalSection
	GlobalSection(SolutionProperties) = preSolution
		HideSolutionNode = FALSE
	EndGlobalSection
	GlobalSection(ExtensibilityGlobals) = postSolution
		SolutionGuid = {74CA5FC9-A951-4D50-AEAF-B9980275684B}
	EndGlobalSection
EndGlobal
